
Microsoft Visual Studio Solution File, Format Version 12.00
# Visual Studio Version 17
VisualStudioVersion = 17.3.32901.215
MinimumVisualStudioVersion = 10.0.40219.1
Project("{FAE04EC0-301F-11D3-BF4B-00C04F79EFBC}") = "Lecture Example - Classes ( Methods )", "Lecture Example - Classes ( Methods ).csproj", "{2DD711DC-BB31-4755-94E4-AD44F224A61F}"
EndProject
Global
	GlobalSection(SolutionConfigurationPlatforms) = preSolution
		Debug|Any CPU = Debug|Any CPU
		Release|Any CPU = Release|Any CPU
	EndGlobalSection
	GlobalSection(ProjectConfigurationPlatforms) = postSolution
		{2DD711DC-BB31-4755-94E4-AD44F224A61F}.Debug|Any CPU.ActiveCfg = Debug|Any CPU
		{2DD711DC-BB31-4755-94E4-AD44F224A61F}.Debug|Any CPU.Build.0 = Debug|Any CPU
		{2DD711DC-BB31-4755-94E4-AD44F224A61F}.Release|Any CPU.ActiveCfg = Release|Any CPU
		{2DD711DC-BB31-4755-94E4-AD44F224A61F}.Release|Any CPU.Build.0 = Release|Any CPU
	EndGlobalSection
	GlobalSection(SolutionProperties) = preSolution
		HideSolutionNode = FALSE
	EndGlobalSection
	GlobalSection(ExtensibilityGlobals) = postSolution
		SolutionGuid = {B95871DF-BB24-4A32-B06F-A943890A8B44}
	EndGlobalSection
EndGlobal
